// !$*UTF8*$!
{
	archiveVersion = 1;
	classes = {
	};
	objectVersion = 48;
	objects = {

/* Begin PBXBuildFile section */
		7DB26BA11FF40249009AD520 /* TabBarVC.m in Sources */ = {isa = PBXBuildFile; fileRef = 7DB26B9F1FF40249009AD520 /* TabBarVC.m */; };
		7DB26BA41FF40255009AD520 /* TranslatorVC.m in Sources */ = {isa = PBXBuildFile; fileRef = 7DB26BA31FF40255009AD520 /* TranslatorVC.m */; };
		7DB26BA71FF40270009AD520 /* ImageVC.m in Sources */ = {isa = PBXBuildFile; fileRef = 7DB26BA61FF40270009AD520 /* ImageVC.m */; };
		7DB26BAA1FF4028A009AD520 /* DesignVC.m in Sources */ = {isa = PBXBuildFile; fileRef = 7DB26BA91FF4028A009AD520 /* DesignVC.m */; };
		7DB26BB31FF43844009AD520 /* ImageCVCell.m in Sources */ = {isa = PBXBuildFile; fileRef = 7DB26BB11FF43844009AD520 /* ImageCVCell.m */; };
		7DB26BB41FF43844009AD520 /* ImageCVCell.xib in Resources */ = {isa = PBXBuildFile; fileRef = 7DB26BB21FF43844009AD520 /* ImageCVCell.xib */; };
		7DB26BB91FF5B683009AD520 /* ImageWithLabelCVCell.m in Sources */ = {isa = PBXBuildFile; fileRef = 7DB26BB71FF5B683009AD520 /* ImageWithLabelCVCell.m */; };
		7DB26BBA1FF5B683009AD520 /* ImageWithLabelCVCell.xib in Resources */ = {isa = PBXBuildFile; fileRef = 7DB26BB81FF5B683009AD520 /* ImageWithLabelCVCell.xib */; };
		7DB26BBE1FF5B817009AD520 /* UIImage+animatedGIF.m in Sources */ = {isa = PBXBuildFile; fileRef = 7DB26BBC1FF5B817009AD520 /* UIImage+animatedGIF.m */; };
		7DB26BC41FF5C07A009AD520 /* TranslatedText+CoreDataClass.m in Sources */ = {isa = PBXBuildFile; fileRef = 7DB26BC21FF5C07A009AD520 /* TranslatedText+CoreDataClass.m */; };
		7DB26BC51FF5C07A009AD520 /* TranslatedText+CoreDataProperties.m in Sources */ = {isa = PBXBuildFile; fileRef = 7DB26BC31FF5C07A009AD520 /* TranslatedText+CoreDataProperties.m */; };
		7DB26BC81FF5C0C7009AD520 /* CoreDataManager.m in Sources */ = {isa = PBXBuildFile; fileRef = 7DB26BC71FF5C0C7009AD520 /* CoreDataManager.m */; };
		7DB26BCD1FF5C221009AD520 /* TranslationModel.m in Sources */ = {isa = PBXBuildFile; fileRef = 7DB26BCC1FF5C221009AD520 /* TranslationModel.m */; };
		7DB26BD11FF6465E009AD520 /* UserDefaultsManager.m in Sources */ = {isa = PBXBuildFile; fileRef = 7DB26BD01FF6465E009AD520 /* UserDefaultsManager.m */; };
		7DB26BD31FF66093009AD520 /* EERoundedButton in Resources */ = {isa = PBXBuildFile; fileRef = 7DB26BD21FF66093009AD520 /* EERoundedButton */; };
		7DC875351FF3E87500DDC792 /* AppDelegate.m in Sources */ = {isa = PBXBuildFile; fileRef = 7DC875341FF3E87500DDC792 /* AppDelegate.m */; };
		7DC8753B1FF3E87500DDC792 /* Main.storyboard in Resources */ = {isa = PBXBuildFile; fileRef = 7DC875391FF3E87500DDC792 /* Main.storyboard */; };
		7DC8753E1FF3E87500DDC792 /* Test_task.xcdatamodeld in Sources */ = {isa = PBXBuildFile; fileRef = 7DC8753C1FF3E87500DDC792 /* Test_task.xcdatamodeld */; };
		7DC875401FF3E87500DDC792 /* Assets.xcassets in Resources */ = {isa = PBXBuildFile; fileRef = 7DC8753F1FF3E87500DDC792 /* Assets.xcassets */; };
		7DC875431FF3E87500DDC792 /* LaunchScreen.storyboard in Resources */ = {isa = PBXBuildFile; fileRef = 7DC875411FF3E87500DDC792 /* LaunchScreen.storyboard */; };
		7DC875461FF3E87500DDC792 /* main.m in Sources */ = {isa = PBXBuildFile; fileRef = 7DC875451FF3E87500DDC792 /* main.m */; };
/* End PBXBuildFile section */

/* Begin PBXFileReference section */
		7DB26B9F1FF40249009AD520 /* TabBarVC.m */ = {isa = PBXFileReference; fileEncoding = 4; lastKnownFileType = sourcecode.c.objc; path = TabBarVC.m; sourceTree = "<group>"; };
		7DB26BA01FF40249009AD520 /* TabBarVC.h */ = {isa = PBXFileReference; fileEncoding = 4; lastKnownFileType = sourcecode.c.h; path = TabBarVC.h; sourceTree = "<group>"; };
		7DB26BA21FF40255009AD520 /* TranslatorVC.h */ = {isa = PBXFileReference; fileEncoding = 4; lastKnownFileType = sourcecode.c.h; path = TranslatorVC.h; sourceTree = "<group>"; };
		7DB26BA31FF40255009AD520 /* TranslatorVC.m */ = {isa = PBXFileReference; fileEncoding = 4; lastKnownFileType = sourcecode.c.objc; path = TranslatorVC.m; sourceTree = "<group>"; };
		7DB26BA51FF40270009AD520 /* ImageVC.h */ = {isa = PBXFileReference; lastKnownFileType = sourcecode.c.h; path = ImageVC.h; sourceTree = "<group>"; };
		7DB26BA61FF40270009AD520 /* ImageVC.m */ = {isa = PBXFileReference; lastKnownFileType = sourcecode.c.objc; path = ImageVC.m; sourceTree = "<group>"; };
		7DB26BA81FF4028A009AD520 /* DesignVC.h */ = {isa = PBXFileReference; lastKnownFileType = sourcecode.c.h; path = DesignVC.h; sourceTree = "<group>"; };
		7DB26BA91FF4028A009AD520 /* DesignVC.m */ = {isa = PBXFileReference; lastKnownFileType = sourcecode.c.objc; path = DesignVC.m; sourceTree = "<group>"; };
		7DB26BB01FF43844009AD520 /* ImageCVCell.h */ = {isa = PBXFileReference; lastKnownFileType = sourcecode.c.h; path = ImageCVCell.h; sourceTree = "<group>"; };
		7DB26BB11FF43844009AD520 /* ImageCVCell.m */ = {isa = PBXFileReference; lastKnownFileType = sourcecode.c.objc; path = ImageCVCell.m; sourceTree = "<group>"; };
		7DB26BB21FF43844009AD520 /* ImageCVCell.xib */ = {isa = PBXFileReference; lastKnownFileType = file.xib; path = ImageCVCell.xib; sourceTree = "<group>"; };
		7DB26BB61FF5B683009AD520 /* ImageWithLabelCVCell.h */ = {isa = PBXFileReference; lastKnownFileType = sourcecode.c.h; path = ImageWithLabelCVCell.h; sourceTree = "<group>"; };
		7DB26BB71FF5B683009AD520 /* ImageWithLabelCVCell.m */ = {isa = PBXFileReference; lastKnownFileType = sourcecode.c.objc; path = ImageWithLabelCVCell.m; sourceTree = "<group>"; };
		7DB26BB81FF5B683009AD520 /* ImageWithLabelCVCell.xib */ = {isa = PBXFileReference; lastKnownFileType = file.xib; path = ImageWithLabelCVCell.xib; sourceTree = "<group>"; };
		7DB26BBC1FF5B817009AD520 /* UIImage+animatedGIF.m */ = {isa = PBXFileReference; fileEncoding = 4; lastKnownFileType = sourcecode.c.objc; path = "UIImage+animatedGIF.m"; sourceTree = "<group>"; };
		7DB26BBD1FF5B817009AD520 /* UIImage+animatedGIF.h */ = {isa = PBXFileReference; fileEncoding = 4; lastKnownFileType = sourcecode.c.h; path = "UIImage+animatedGIF.h"; sourceTree = "<group>"; };
		7DB26BC01FF5C07A009AD520 /* TranslatedText+CoreDataProperties.h */ = {isa = PBXFileReference; lastKnownFileType = sourcecode.c.h; path = "TranslatedText+CoreDataProperties.h"; sourceTree = "<group>"; };
		7DB26BC11FF5C07A009AD520 /* TranslatedText+CoreDataClass.h */ = {isa = PBXFileReference; lastKnownFileType = sourcecode.c.h; path = "TranslatedText+CoreDataClass.h"; sourceTree = "<group>"; };
		7DB26BC21FF5C07A009AD520 /* TranslatedText+CoreDataClass.m */ = {isa = PBXFileReference; lastKnownFileType = sourcecode.c.objc; path = "TranslatedText+CoreDataClass.m"; sourceTree = "<group>"; };
		7DB26BC31FF5C07A009AD520 /* TranslatedText+CoreDataProperties.m */ = {isa = PBXFileReference; lastKnownFileType = sourcecode.c.objc; path = "TranslatedText+CoreDataProperties.m"; sourceTree = "<group>"; };
		7DB26BC61FF5C0C7009AD520 /* CoreDataManager.h */ = {isa = PBXFileReference; lastKnownFileType = sourcecode.c.h; path = CoreDataManager.h; sourceTree = "<group>"; };
		7DB26BC71FF5C0C7009AD520 /* CoreDataManager.m */ = {isa = PBXFileReference; lastKnownFileType = sourcecode.c.objc; path = CoreDataManager.m; sourceTree = "<group>"; };
		7DB26BCB1FF5C221009AD520 /* TranslationModel.h */ = {isa = PBXFileReference; lastKnownFileType = sourcecode.c.h; path = TranslationModel.h; sourceTree = "<group>"; };
		7DB26BCC1FF5C221009AD520 /* TranslationModel.m */ = {isa = PBXFileReference; lastKnownFileType = sourcecode.c.objc; path = TranslationModel.m; sourceTree = "<group>"; };
		7DB26BCF1FF6465E009AD520 /* UserDefaultsManager.h */ = {isa = PBXFileReference; lastKnownFileType = sourcecode.c.h; path = UserDefaultsManager.h; sourceTree = "<group>"; };
		7DB26BD01FF6465E009AD520 /* UserDefaultsManager.m */ = {isa = PBXFileReference; lastKnownFileType = sourcecode.c.objc; path = UserDefaultsManager.m; sourceTree = "<group>"; };
		7DB26BD21FF66093009AD520 /* EERoundedButton */ = {isa = PBXFileReference; lastKnownFileType = folder; path = EERoundedButton; sourceTree = "<group>"; };
		7DC875301FF3E87500DDC792 /* Test task.app */ = {isa = PBXFileReference; explicitFileType = wrapper.application; includeInIndex = 0; path = "Test task.app"; sourceTree = BUILT_PRODUCTS_DIR; };
		7DC875331FF3E87500DDC792 /* AppDelegate.h */ = {isa = PBXFileReference; lastKnownFileType = sourcecode.c.h; path = AppDelegate.h; sourceTree = "<group>"; };
		7DC875341FF3E87500DDC792 /* AppDelegate.m */ = {isa = PBXFileReference; lastKnownFileType = sourcecode.c.objc; path = AppDelegate.m; sourceTree = "<group>"; };
		7DC8753A1FF3E87500DDC792 /* Base */ = {isa = PBXFileReference; lastKnownFileType = file.storyboard; name = Base; path = Base.lproj/Main.storyboard; sourceTree = "<group>"; };
		7DC8753D1FF3E87500DDC792 /* Test_task.xcdatamodel */ = {isa = PBXFileReference; lastKnownFileType = wrapper.xcdatamodel; path = Test_task.xcdatamodel; sourceTree = "<group>"; };
		7DC8753F1FF3E87500DDC792 /* Assets.xcassets */ = {isa = PBXFileReference; lastKnownFileType = folder.assetcatalog; path = Assets.xcassets; sourceTree = "<group>"; };
		7DC875421FF3E87500DDC792 /* Base */ = {isa = PBXFileReference; lastKnownFileType = file.storyboard; name = Base; path = Base.lproj/LaunchScreen.storyboard; sourceTree = "<group>"; };
		7DC875441FF3E87500DDC792 /* Info.plist */ = {isa = PBXFileReference; lastKnownFileType = text.plist.xml; path = Info.plist; sourceTree = "<group>"; };
		7DC875451FF3E87500DDC792 /* main.m */ = {isa = PBXFileReference; lastKnownFileType = sourcecode.c.objc; path = main.m; sourceTree = "<group>"; };
/* End PBXFileReference section */

/* Begin PBXFrameworksBuildPhase section */
		7DC8752D1FF3E87500DDC792 /* Frameworks */ = {
			isa = PBXFrameworksBuildPhase;
			buildActionMask = 2147483647;
			files = (
			);
			runOnlyForDeploymentPostprocessing = 0;
		};
/* End PBXFrameworksBuildPhase section */

/* Begin PBXGroup section */
		7DB26BAB1FF43790009AD520 /* Main Controller */ = {
			isa = PBXGroup;
			children = (
				7DB26BA01FF40249009AD520 /* TabBarVC.h */,
				7DB26B9F1FF40249009AD520 /* TabBarVC.m */,
			);
			path = "Main Controller";
			sourceTree = "<group>";
		};
		7DB26BAC1FF437A9009AD520 /* Image Controller */ = {
			isa = PBXGroup;
			children = (
				7DB26BA51FF40270009AD520 /* ImageVC.h */,
				7DB26BA61FF40270009AD520 /* ImageVC.m */,
				7DB26BAF1FF43809009AD520 /* Image CollectionViewCell */,
			);
			path = "Image Controller";
			sourceTree = "<group>";
		};
		7DB26BAD1FF437B4009AD520 /* Translator controller */ = {
			isa = PBXGroup;
			children = (
				7DB26BA21FF40255009AD520 /* TranslatorVC.h */,
				7DB26BA31FF40255009AD520 /* TranslatorVC.m */,
			);
			path = "Translator controller";
			sourceTree = "<group>";
		};
		7DB26BAE1FF437DE009AD520 /* Design Controller */ = {
			isa = PBXGroup;
			children = (
				7DB26BB51FF5B5D8009AD520 /* ImageWithLabel CollectionViewCell */,
				7DB26BA81FF4028A009AD520 /* DesignVC.h */,
				7DB26BA91FF4028A009AD520 /* DesignVC.m */,
			);
			path = "Design Controller";
			sourceTree = "<group>";
		};
		7DB26BAF1FF43809009AD520 /* Image CollectionViewCell */ = {
			isa = PBXGroup;
			children = (
				7DB26BB01FF43844009AD520 /* ImageCVCell.h */,
				7DB26BB11FF43844009AD520 /* ImageCVCell.m */,
				7DB26BB21FF43844009AD520 /* ImageCVCell.xib */,
			);
			path = "Image CollectionViewCell";
			sourceTree = "<group>";
		};
		7DB26BB51FF5B5D8009AD520 /* ImageWithLabel CollectionViewCell */ = {
			isa = PBXGroup;
			children = (
				7DB26BB61FF5B683009AD520 /* ImageWithLabelCVCell.h */,
				7DB26BB71FF5B683009AD520 /* ImageWithLabelCVCell.m */,
				7DB26BB81FF5B683009AD520 /* ImageWithLabelCVCell.xib */,
			);
			path = "ImageWithLabel CollectionViewCell";
			sourceTree = "<group>";
		};
		7DB26BBB1FF5B7F5009AD520 /* UIImage+animatedGIF */ = {
			isa = PBXGroup;
			children = (
				7DB26BBD1FF5B817009AD520 /* UIImage+animatedGIF.h */,
				7DB26BBC1FF5B817009AD520 /* UIImage+animatedGIF.m */,
			);
			path = "UIImage+animatedGIF";
			sourceTree = "<group>";
		};
		7DB26BBF1FF5C058009AD520 /* Core Data */ = {
			isa = PBXGroup;
			children = (
				7DB26BC01FF5C07A009AD520 /* TranslatedText+CoreDataProperties.h */,
				7DB26BC11FF5C07A009AD520 /* TranslatedText+CoreDataClass.h */,
				7DB26BC21FF5C07A009AD520 /* TranslatedText+CoreDataClass.m */,
				7DB26BC31FF5C07A009AD520 /* TranslatedText+CoreDataProperties.m */,
				7DB26BC61FF5C0C7009AD520 /* CoreDataManager.h */,
				7DB26BC71FF5C0C7009AD520 /* CoreDataManager.m */,
			);
			path = "Core Data";
			sourceTree = "<group>";
		};
		7DB26BCA1FF5C1F3009AD520 /* TranslationModel */ = {
			isa = PBXGroup;
			children = (
				7DB26BCB1FF5C221009AD520 /* TranslationModel.h */,
				7DB26BCC1FF5C221009AD520 /* TranslationModel.m */,
			);
			path = TranslationModel;
			sourceTree = "<group>";
		};
		7DB26BCE1FF64638009AD520 /* UserDefaults manager */ = {
			isa = PBXGroup;
			children = (
				7DB26BCF1FF6465E009AD520 /* UserDefaultsManager.h */,
				7DB26BD01FF6465E009AD520 /* UserDefaultsManager.m */,
			);
			path = "UserDefaults manager";
			sourceTree = "<group>";
		};
		7DC875271FF3E87500DDC792 = {
			isa = PBXGroup;
			children = (
				7DC875321FF3E87500DDC792 /* Test task */,
				7DC875311FF3E87500DDC792 /* Products */,
			);
			sourceTree = "<group>";
		};
		7DC875311FF3E87500DDC792 /* Products */ = {
			isa = PBXGroup;
			children = (
				7DC875301FF3E87500DDC792 /* Test task.app */,
			);
			name = Products;
			sourceTree = "<group>";
		};
		7DC875321FF3E87500DDC792 /* Test task */ = {
			isa = PBXGroup;
			children = (
				7DC875331FF3E87500DDC792 /* AppDelegate.h */,
				7DC875341FF3E87500DDC792 /* AppDelegate.m */,
				7DB26BAB1FF43790009AD520 /* Main Controller */,
				7DB26BAD1FF437B4009AD520 /* Translator controller */,
				7DB26BAC1FF437A9009AD520 /* Image Controller */,
				7DB26BAE1FF437DE009AD520 /* Design Controller */,
				7DB26BD21FF66093009AD520 /* EERoundedButton */,
				7DB26BCE1FF64638009AD520 /* UserDefaults manager */,
				7DB26BCA1FF5C1F3009AD520 /* TranslationModel */,
				7DB26BBF1FF5C058009AD520 /* Core Data */,
				7DB26BBB1FF5B7F5009AD520 /* UIImage+animatedGIF */,
				7DC875391FF3E87500DDC792 /* Main.storyboard */,
				7DC8753F1FF3E87500DDC792 /* Assets.xcassets */,
				7DC875411FF3E87500DDC792 /* LaunchScreen.storyboard */,
				7DC875441FF3E87500DDC792 /* Info.plist */,
				7DC875451FF3E87500DDC792 /* main.m */,
				7DC8753C1FF3E87500DDC792 /* Test_task.xcdatamodeld */,
			);
			path = "Test task";
			sourceTree = "<group>";
		};
/* End PBXGroup section */

/* Begin PBXNativeTarget section */
		7DC8752F1FF3E87500DDC792 /* Test task */ = {
			isa = PBXNativeTarget;
			buildConfigurationList = 7DC875491FF3E87500DDC792 /* Build configuration list for PBXNativeTarget "Test task" */;
			buildPhases = (
				7DC8752C1FF3E87500DDC792 /* Sources */,
				7DC8752D1FF3E87500DDC792 /* Frameworks */,
				7DC8752E1FF3E87500DDC792 /* Resources */,
			);
			buildRules = (
			);
			dependencies = (
			);
			name = "Test task";
			productName = "Test task";
			productReference = 7DC875301FF3E87500DDC792 /* Test task.app */;
			productType = "com.apple.product-type.application";
		};
/* End PBXNativeTarget section */

/* Begin PBXProject section */
		7DC875281FF3E87500DDC792 /* Project object */ = {
			isa = PBXProject;
			attributes = {
				LastUpgradeCheck = 0920;
				ORGANIZATIONNAME = Odaryna;
				TargetAttributes = {
					7DC8752F1FF3E87500DDC792 = {
						CreatedOnToolsVersion = 9.2;
						ProvisioningStyle = Automatic;
					};
				};
			};
			buildConfigurationList = 7DC8752B1FF3E87500DDC792 /* Build configuration list for PBXProject "Test task" */;
			compatibilityVersion = "Xcode 8.0";
			developmentRegion = en;
			hasScannedForEncodings = 0;
			knownRegions = (
				en,
				Base,
			);
			mainGroup = 7DC875271FF3E87500DDC792;
			productRefGroup = 7DC875311FF3E87500DDC792 /* Products */;
			projectDirPath = "";
			projectRoot = "";
			targets = (
				7DC8752F1FF3E87500DDC792 /* Test task */,
			);
		};
/* End PBXProject section */

/* Begin PBXResourcesBuildPhase section */
		7DC8752E1FF3E87500DDC792 /* Resources */ = {
			isa = PBXResourcesBuildPhase;
			buildActionMask = 2147483647;
			files = (
				7DB26BB41FF43844009AD520 /* ImageCVCell.xib in Resources */,
				7DC875431FF3E87500DDC792 /* LaunchScreen.storyboard in Resources */,
				7DB26BBA1FF5B683009AD520 /* ImageWithLabelCVCell.xib in Resources */,
				7DC875401FF3E87500DDC792 /* Assets.xcassets in Resources */,
				7DB26BD31FF66093009AD520 /* EERoundedButton in Resources */,
				7DC8753B1FF3E87500DDC792 /* Main.storyboard in Resources */,
			);
			runOnlyForDeploymentPostprocessing = 0;
		};
/* End PBXResourcesBuildPhase section */

/* Begin PBXSourcesBuildPhase section */
		7DC8752C1FF3E87500DDC792 /* Sources */ = {
			isa = PBXSourcesBuildPhase;
			buildActionMask = 2147483647;
			files = (
				7DB26BA71FF40270009AD520 /* ImageVC.m in Sources */,
				7DB26BC81FF5C0C7009AD520 /* CoreDataManager.m in Sources */,
				7DB26BD11FF6465E009AD520 /* UserDefaultsManager.m in Sources */,
				7DB26BB91FF5B683009AD520 /* ImageWithLabelCVCell.m in Sources */,
				7DB26BCD1FF5C221009AD520 /* TranslationModel.m in Sources */,
				7DB26BC41FF5C07A009AD520 /* TranslatedText+CoreDataClass.m in Sources */,
				7DC875351FF3E87500DDC792 /* AppDelegate.m in Sources */,
				7DB26BC51FF5C07A009AD520 /* TranslatedText+CoreDataProperties.m in Sources */,
				7DB26BBE1FF5B817009AD520 /* UIImage+animatedGIF.m in Sources */,
				7DB26BAA1FF4028A009AD520 /* DesignVC.m in Sources */,
				7DC875461FF3E87500DDC792 /* main.m in Sources */,
				7DB26BB31FF43844009AD520 /* ImageCVCell.m in Sources */,
				7DB26BA41FF40255009AD520 /* TranslatorVC.m in Sources */,
				7DB26BA11FF40249009AD520 /* TabBarVC.m in Sources */,
				7DC8753E1FF3E87500DDC792 /* Test_task.xcdatamodeld in Sources */,
			);
			runOnlyForDeploymentPostprocessing = 0;
		};
/* End PBXSourcesBuildPhase section */

/* Begin PBXVariantGroup section */
		7DC875391FF3E87500DDC792 /* Main.storyboard */ = {
			isa = PBXVariantGroup;
			children = (
				7DC8753A1FF3E87500DDC792 /* Base */,
			);
			name = Main.storyboard;
			sourceTree = "<group>";
		};
		7DC875411FF3E87500DDC792 /* LaunchScreen.storyboard */ = {
			isa = PBXVariantGroup;
			children = (
				7DC875421FF3E87500DDC792 /* Base */,
			);
			name = LaunchScreen.storyboard;
			sourceTree = "<group>";
		};
/* End PBXVariantGroup section */

/* Begin XCBuildConfiguration section */
		7DC875471FF3E87500DDC792 /* Debug */ = {
			isa = XCBuildConfiguration;
			buildSettings = {
				ALWAYS_SEARCH_USER_PATHS = NO;
				CLANG_ANALYZER_NONNULL = YES;
				CLANG_ANALYZER_NUMBER_OBJECT_CONVERSION = YES_AGGRESSIVE;
				CLANG_CXX_LANGUAGE_STANDARD = "gnu++14";
				CLANG_CXX_LIBRARY = "libc++";
				CLANG_ENABLE_MODULES = YES;
				CLANG_ENABLE_OBJC_ARC = YES;
				CLANG_WARN_BLOCK_CAPTURE_AUTORELEASING = YES;
				CLANG_WARN_BOOL_CONVERSION = YES;
				CLANG_WARN_COMMA = YES;
				CLANG_WARN_CONSTANT_CONVERSION = YES;
				CLANG_WARN_DIRECT_OBJC_ISA_USAGE = YES_ERROR;
				CLANG_WARN_DOCUMENTATION_COMMENTS = YES;
				CLANG_WARN_EMPTY_BODY = YES;
				CLANG_WARN_ENUM_CONVERSION = YES;
				CLANG_WARN_INFINITE_RECURSION = YES;
				CLANG_WARN_INT_CONVERSION = YES;
				CLANG_WARN_NON_LITERAL_NULL_CONVERSION = YES;
				CLANG_WARN_OBJC_LITERAL_CONVERSION = YES;
				CLANG_WARN_OBJC_ROOT_CLASS = YES_ERROR;
				CLANG_WARN_RANGE_LOOP_ANALYSIS = YES;
				CLANG_WARN_STRICT_PROTOTYPES = YES;
				CLANG_WARN_SUSPICIOUS_MOVE = YES;
				CLANG_WARN_UNGUARDED_AVAILABILITY = YES_AGGRESSIVE;
				CLANG_WARN_UNREACHABLE_CODE = YES;
				CLANG_WARN__DUPLICATE_METHOD_MATCH = YES;
				CODE_SIGN_IDENTITY = "iPhone Developer";
				COPY_PHASE_STRIP = NO;
				DEBUG_INFORMATION_FORMAT = dwarf;
				ENABLE_STRICT_OBJC_MSGSEND = YES;
				ENABLE_TESTABILITY = YES;
				GCC_C_LANGUAGE_STANDARD = gnu11;
				GCC_DYNAMIC_NO_PIC = NO;
				GCC_NO_COMMON_BLOCKS = YES;
				GCC_OPTIMIZATION_LEVEL = 0;
				GCC_PREPROCESSOR_DEFINITIONS = (
					"DEBUG=1",
					"$(inherited)",
				);
				GCC_WARN_64_TO_32_BIT_CONVERSION = YES;
				GCC_WARN_ABOUT_RETURN_TYPE = YES_ERROR;
				GCC_WARN_UNDECLARED_SELECTOR = YES;
				GCC_WARN_UNINITIALIZED_AUTOS = YES_AGGRESSIVE;
				GCC_WARN_UNUSED_FUNCTION = YES;
				GCC_WARN_UNUSED_VARIABLE = YES;
				IPHONEOS_DEPLOYMENT_TARGET = 11.2;
				MTL_ENABLE_DEBUG_INFO = YES;
				ONLY_ACTIVE_ARCH = YES;
				SDKROOT = iphoneos;
			};
			name = Debug;
		};
		7DC875481FF3E87500DDC792 /* Release */ = {
			isa = XCBuildConfiguration;
			buildSettings = {
				ALWAYS_SEARCH_USER_PATHS = NO;
				CLANG_ANALYZER_NONNULL = YES;
				CLANG_ANALYZER_NUMBER_OBJECT_CONVERSION = YES_AGGRESSIVE;
				CLANG_CXX_LANGUAGE_STANDARD = "gnu++14";
				CLANG_CXX_LIBRARY = "libc++";
				CLANG_ENABLE_MODULES = YES;
				CLANG_ENABLE_OBJC_ARC = YES;
				CLANG_WARN_BLOCK_CAPTURE_AUTORELEASING = YES;
				CLANG_WARN_BOOL_CONVERSION = YES;
				CLANG_WARN_COMMA = YES;
				CLANG_WARN_CONSTANT_CONVERSION = YES;
				CLANG_WARN_DIRECT_OBJC_ISA_USAGE = YES_ERROR;
				CLANG_WARN_DOCUMENTATION_COMMENTS = YES;
				CLANG_WARN_EMPTY_BODY = YES;
				CLANG_WARN_ENUM_CONVERSION = YES;
				CLANG_WARN_INFINITE_RECURSION = YES;
				CLANG_WARN_INT_CONVERSION = YES;
				CLANG_WARN_NON_LITERAL_NULL_CONVERSION = YES;
				CLANG_WARN_OBJC_LITERAL_CONVERSION = YES;
				CLANG_WARN_OBJC_ROOT_CLASS = YES_ERROR;
				CLANG_WARN_RANGE_LOOP_ANALYSIS = YES;
				CLANG_WARN_STRICT_PROTOTYPES = YES;
				CLANG_WARN_SUSPICIOUS_MOVE = YES;
				CLANG_WARN_UNGUARDED_AVAILABILITY = YES_AGGRESSIVE;
				CLANG_WARN_UNREACHABLE_CODE = YES;
				CLANG_WARN__DUPLICATE_METHOD_MATCH = YES;
				CODE_SIGN_IDENTITY = "iPhone Developer";
				COPY_PHASE_STRIP = NO;
				DEBUG_INFORMATION_FORMAT = "dwarf-with-dsym";
				ENABLE_NS_ASSERTIONS = NO;
				ENABLE_STRICT_OBJC_MSGSEND = YES;
				GCC_C_LANGUAGE_STANDARD = gnu11;
				GCC_NO_COMMON_BLOCKS = YES;
				GCC_WARN_64_TO_32_BIT_CONVERSION = YES;
				GCC_WARN_ABOUT_RETURN_TYPE = YES_ERROR;
				GCC_WARN_UNDECLARED_SELECTOR = YES;
				GCC_WARN_UNINITIALIZED_AUTOS = YES_AGGRESSIVE;
				GCC_WARN_UNUSED_FUNCTION = YES;
				GCC_WARN_UNUSED_VARIABLE = YES;
				IPHONEOS_DEPLOYMENT_TARGET = 11.2;
				MTL_ENABLE_DEBUG_INFO = NO;
				SDKROOT = iphoneos;
				VALIDATE_PRODUCT = YES;
			};
			name = Release;
		};
		7DC8754A1FF3E87500DDC792 /* Debug */ = {
			isa = XCBuildConfiguration;
			buildSettings = {
				ASSETCATALOG_COMPILER_APPICON_NAME = AppIcon;
				CODE_SIGN_STYLE = Automatic;
				INFOPLIST_FILE = "Test task/Info.plist";
				LD_RUNPATH_SEARCH_PATHS = "$(inherited) @executable_path/Frameworks";
				PRODUCT_BUNDLE_IDENTIFIER = "com.Test-task";
				PRODUCT_NAME = "$(TARGET_NAME)";
				TARGETED_DEVICE_FAMILY = "1,2";
			};
			name = Debug;
		};
		7DC8754B1FF3E87500DDC792 /* Release */ = {
			isa = XCBuildConfiguration;
			buildSettings = {
				ASSETCATALOG_COMPILER_APPICON_NAME = AppIcon;
				CODE_SIGN_STYLE = Automatic;
				INFOPLIST_FILE = "Test task/Info.plist";
				LD_RUNPATH_SEARCH_PATHS = "$(inherited) @executable_path/Frameworks";
				PRODUCT_BUNDLE_IDENTIFIER = "com.Test-task";
				PRODUCT_NAME = "$(TARGET_NAME)";
				TARGETED_DEVICE_FAMILY = "1,2";
			};
			name = Release;
		};
/* End XCBuildConfiguration section */

/* Begin XCConfigurationList section */
		7DC8752B1FF3E87500DDC792 /* Build configuration list for PBXProject "Test task" */ = {
			isa = XCConfigurationList;
			buildConfigurations = (
				7DC875471FF3E87500DDC792 /* Debug */,
				7DC875481FF3E87500DDC792 /* Release */,
			);
			defaultConfigurationIsVisible = 0;
			defaultConfigurationName = Release;
		};
		7DC875491FF3E87500DDC792 /* Build configuration list for PBXNativeTarget "Test task" */ = {
			isa = XCConfigurationList;
			buildConfigurations = (
				7DC8754A1FF3E87500DDC792 /* Debug */,
				7DC8754B1FF3E87500DDC792 /* Release */,
			);
			defaultConfigurationIsVisible = 0;
			defaultConfigurationName = Release;
		};
/* End XCConfigurationList section */

/* Begin XCVersionGroup section */
		7DC8753C1FF3E87500DDC792 /* Test_task.xcdatamodeld */ = {
			isa = XCVersionGroup;
			children = (
				7DC8753D1FF3E87500DDC792 /* Test_task.xcdatamodel */,
			);
			currentVersion = 7DC8753D1FF3E87500DDC792 /* Test_task.xcdatamodel */;
			path = Test_task.xcdatamodeld;
			sourceTree = "<group>";
			versionGroupType = wrapper.xcdatamodel;
		};
/* End XCVersionGroup section */
	};
	rootObject = 7DC875281FF3E87500DDC792 /* Project object */;
}
